
Microsoft Visual Studio Solution File, Format Version 12.00
# Visual Studio 15
VisualStudioVersion = 15.0.27130.2036
MinimumVisualStudioVersion = 10.0.40219.1
Project("{FAE04EC0-301F-11D3-BF4B-00C04F79EFBC}") = "20 Questions", "20 Questions\20 Questions.csproj", "{BB6F700B-0093-413C-B706-E9DDBB33B89B}"
EndProject
Global
	GlobalSection(SolutionConfigurationPlatforms) = preSolution
		Debug|Any CPU = Debug|Any CPU
		Release|Any CPU = Release|Any CPU
	EndGlobalSection
	GlobalSection(ProjectConfigurationPlatforms) = postSolution
		{BB6F700B-0093-413C-B706-E9DDBB33B89B}.Debug|Any CPU.ActiveCfg = Debug|Any CPU
		{BB6F700B-0093-413C-B706-E9DDBB33B89B}.Debug|Any CPU.Build.0 = Debug|Any CPU
		{BB6F700B-0093-413C-B706-E9DDBB33B89B}.Release|Any CPU.ActiveCfg = Release|Any CPU
		{BB6F700B-0093-413C-B706-E9DDBB33B89B}.Release|Any CPU.Build.0 = Release|Any CPU
	EndGlobalSection
	GlobalSection(SolutionProperties) = preSolution
		HideSolutionNode = FALSE
	EndGlobalSection
	GlobalSection(ExtensibilityGlobals) = postSolution
		SolutionGuid = {F24E7B18-5260-4C7D-BD9A-36FB718D1F40}
	EndGlobalSection
EndGlobal
